
Microsoft Visual Studio Solution File, Format Version 12.00
# Visual Studio Version 17
VisualStudioVersion = 17.11.35312.102
MinimumVisualStudioVersion = 10.0.40219.1
Project("{FAE04EC0-301F-11D3-BF4B-00C04F79EFBC}") = "CRUD", "CRUD\CRUD.csproj", "{1475C324-31BD-48EB-8701-2B336A916A11}"
EndProject
Global
	GlobalSection(SolutionConfigurationPlatforms) = preSolution
		Debug|Any CPU = Debug|Any CPU
		Release|Any CPU = Release|Any CPU
	EndGlobalSection
	GlobalSection(ProjectConfigurationPlatforms) = postSolution
		{1475C324-31BD-48EB-8701-2B336A916A11}.Debug|Any CPU.ActiveCfg = Debug|Any CPU
		{1475C324-31BD-48EB-8701-2B336A916A11}.Debug|Any CPU.Build.0 = Debug|Any CPU
		{1475C324-31BD-48EB-8701-2B336A916A11}.Release|Any CPU.ActiveCfg = Release|Any CPU
		{1475C324-31BD-48EB-8701-2B336A916A11}.Release|Any CPU.Build.0 = Release|Any CPU
	EndGlobalSection
	GlobalSection(SolutionProperties) = preSolution
		HideSolutionNode = FALSE
	EndGlobalSection
	GlobalSection(ExtensibilityGlobals) = postSolution
		SolutionGuid = {1ED3B3BE-B609-4311-A6B5-E37D2AA67AC4}
	EndGlobalSection
EndGlobal
